{
  "pins" : [
    {
      "identity" : "swift-atomics",
      "kind" : "remoteSourceControl",
      "location" : "https://github.com/CSCIX65G/swift-atomics.git",
      "state" : {
        "branch" : "CSCIX65G/playgrounds-disabled",
        "revision" : "785acf51f94be79090c064aedc48c1d8ef06e251"
      }
    }
  ],
  "version" : 2
}
