{
  "pins" : [
    {
      "identity" : "swift-atomics",
      "kind" : "remoteSourceControl",
      "location" : "https://github.com/CSCIX65G/swift-atomics.git",
      "state" : {
        "branch" : "CSCIX65G/playgrounds",
        "revision" : "b12993f4e0c1b1a99392533087c9bd405e473044"
      }
    }
  ],
  "version" : 2
}
