{
  "pins" : [
    {
      "identity" : "swift-atomics",
      "kind" : "remoteSourceControl",
      "location" : "https://github.com/CSCIX65G/swift-atomics.git",
      "state" : {
        "branch" : "CSCIX65G/playgrounds",
        "revision" : "3024f7a375583fea45220d39ed1700fb835d4154"
      }
    }
  ],
  "version" : 2
}
